
Microsoft Visual Studio Solution File, Format Version 12.00
# Visual Studio Version 16
VisualStudioVersion = 16.0.29020.237
MinimumVisualStudioVersion = 10.0.40219.1
Project("{FAE04EC0-301F-11D3-BF4B-00C04F79EFBC}") = "BookStore", "BookStore\BookStore.csproj", "{C016C33B-1946-40D6-AFCC-14B0C4AC8493}"
EndProject
Global
	GlobalSection(SolutionConfigurationPlatforms) = preSolution
		Debug|Any CPU = Debug|Any CPU
		Release|Any CPU = Release|Any CPU
	EndGlobalSection
	GlobalSection(ProjectConfigurationPlatforms) = postSolution
		{C016C33B-1946-40D6-AFCC-14B0C4AC8493}.Debug|Any CPU.ActiveCfg = Debug|Any CPU
		{C016C33B-1946-40D6-AFCC-14B0C4AC8493}.Debug|Any CPU.Build.0 = Debug|Any CPU
		{C016C33B-1946-40D6-AFCC-14B0C4AC8493}.Release|Any CPU.ActiveCfg = Release|Any CPU
		{C016C33B-1946-40D6-AFCC-14B0C4AC8493}.Release|Any CPU.Build.0 = Release|Any CPU
	EndGlobalSection
	GlobalSection(SolutionProperties) = preSolution
		HideSolutionNode = FALSE
	EndGlobalSection
	GlobalSection(ExtensibilityGlobals) = postSolution
		SolutionGuid = {BC77CA64-CDB9-4757-9D12-0C6070BE17A7}
	EndGlobalSection
EndGlobal
